
Microsoft Visual Studio Solution File, Format Version 12.00
# Visual Studio Version 16
VisualStudioVersion = 16.0.29613.14
MinimumVisualStudioVersion = 10.0.40219.1
Project("{FAE04EC0-301F-11D3-BF4B-00C04F79EFBC}") = "BookListRazor", "BookListRazor\BookListRazor.csproj", "{FF5E2418-DB6D-4D66-8940-F0D117A9D163}"
EndProject
Global
	GlobalSection(SolutionConfigurationPlatforms) = preSolution
		Debug|Any CPU = Debug|Any CPU
		Release|Any CPU = Release|Any CPU
	EndGlobalSection
	GlobalSection(ProjectConfigurationPlatforms) = postSolution
		{FF5E2418-DB6D-4D66-8940-F0D117A9D163}.Debug|Any CPU.ActiveCfg = Debug|Any CPU
		{FF5E2418-DB6D-4D66-8940-F0D117A9D163}.Debug|Any CPU.Build.0 = Debug|Any CPU
		{FF5E2418-DB6D-4D66-8940-F0D117A9D163}.Release|Any CPU.ActiveCfg = Release|Any CPU
		{FF5E2418-DB6D-4D66-8940-F0D117A9D163}.Release|Any CPU.Build.0 = Release|Any CPU
	EndGlobalSection
	GlobalSection(SolutionProperties) = preSolution
		HideSolutionNode = FALSE
	EndGlobalSection
	GlobalSection(ExtensibilityGlobals) = postSolution
		SolutionGuid = {176684FB-921B-4355-B14A-8B02D1EF342C}
	EndGlobalSection
EndGlobal
